
Microsoft Visual Studio Solution File, Format Version 12.00
# Visual Studio 2013
VisualStudioVersion = 12.0.31101.0
MinimumVisualStudioVersion = 10.0.40219.1
Project("{FAE04EC0-301F-11D3-BF4B-00C04F79EFBC}") = "Thycotic.MessageQueueClient", "Thycotic.MessageQueueClient\Thycotic.MessageQueueClient.csproj", "{23D33205-A493-4977-831A-3487EC2042D6}"
EndProject
Project("{FAE04EC0-301F-11D3-BF4B-00C04F79EFBC}") = "Thycotic.Messages", "Thycotic.Messages\Thycotic.Messages.csproj", "{BB022C12-4D04-4195-BBB7-BAAA0E20FCB7}"
EndProject
Project("{FAE04EC0-301F-11D3-BF4B-00C04F79EFBC}") = "Thycotic.SecretServerAgent2", "Thycotic.SecretServerAgent2\Thycotic.SecretServerAgent2.csproj", "{DF86AFEF-6D78-46C9-9BDA-419C4547EFE3}"
EndProject
Project("{FAE04EC0-301F-11D3-BF4B-00C04F79EFBC}") = "Thycotic.Logging", "Thycotic.Logging\Thycotic.Logging.csproj", "{FE8BE3EA-3F69-488E-8AC8-CFE47525D93F}"
EndProject
Project("{FAE04EC0-301F-11D3-BF4B-00C04F79EFBC}") = "Thycotic.SecretServerAgent2.InteractiveRunner", "Thycotic.SecretServerAgent2.InteractiveRunner\Thycotic.SecretServerAgent2.InteractiveRunner.csproj", "{A11F8CAA-97D7-4A08-B7A1-6F331830D316}"
EndProject
Project("{FAE04EC0-301F-11D3-BF4B-00C04F79EFBC}") = "Thycotic.MessageQueueTools", "Thycotic.MessageQueueTools\Thycotic.MessageQueueTools.csproj", "{4B2BF50E-0B2B-4487-B498-FEB4901730D6}"
EndProject
Project("{2150E333-8FDC-42A3-9474-1A3956D46DE8}") = "Database", "Database", "{ADB68D88-1F81-46B0-9A85-12E30F60465F}"
	ProjectSection(SolutionItems) = preProject
		Create_Log4Net.sql = Create_Log4Net.sql
	EndProjectSection
EndProject
Project("{FAE04EC0-301F-11D3-BF4B-00C04F79EFBC}") = "Thycotic.MessageQueueClient.Wrappers", "Thycotic.MessageQueueClient.Wrappers\Thycotic.MessageQueueClient.Wrappers.csproj", "{D0D2D7E5-D147-47E9-8D8F-18F6F6B19720}"
EndProject
Project("{FAE04EC0-301F-11D3-BF4B-00C04F79EFBC}") = "Thycotic.SecretServerAgent2.Logic", "Thycotic.SecretServerAgent2.Logic\Thycotic.SecretServerAgent2.Logic.csproj", "{74EC374A-729A-4707-8586-32D10CDC3ECC}"
EndProject
Global
	GlobalSection(SolutionConfigurationPlatforms) = preSolution
		Debug|Any CPU = Debug|Any CPU
		Release|Any CPU = Release|Any CPU
	EndGlobalSection
	GlobalSection(ProjectConfigurationPlatforms) = postSolution
		{23D33205-A493-4977-831A-3487EC2042D6}.Debug|Any CPU.ActiveCfg = Debug|Any CPU
		{23D33205-A493-4977-831A-3487EC2042D6}.Debug|Any CPU.Build.0 = Debug|Any CPU
		{23D33205-A493-4977-831A-3487EC2042D6}.Release|Any CPU.ActiveCfg = Release|Any CPU
		{23D33205-A493-4977-831A-3487EC2042D6}.Release|Any CPU.Build.0 = Release|Any CPU
		{BB022C12-4D04-4195-BBB7-BAAA0E20FCB7}.Debug|Any CPU.ActiveCfg = Debug|Any CPU
		{BB022C12-4D04-4195-BBB7-BAAA0E20FCB7}.Debug|Any CPU.Build.0 = Debug|Any CPU
		{BB022C12-4D04-4195-BBB7-BAAA0E20FCB7}.Release|Any CPU.ActiveCfg = Release|Any CPU
		{BB022C12-4D04-4195-BBB7-BAAA0E20FCB7}.Release|Any CPU.Build.0 = Release|Any CPU
		{DF86AFEF-6D78-46C9-9BDA-419C4547EFE3}.Debug|Any CPU.ActiveCfg = Debug|Any CPU
		{DF86AFEF-6D78-46C9-9BDA-419C4547EFE3}.Debug|Any CPU.Build.0 = Debug|Any CPU
		{DF86AFEF-6D78-46C9-9BDA-419C4547EFE3}.Release|Any CPU.ActiveCfg = Release|Any CPU
		{DF86AFEF-6D78-46C9-9BDA-419C4547EFE3}.Release|Any CPU.Build.0 = Release|Any CPU
		{FE8BE3EA-3F69-488E-8AC8-CFE47525D93F}.Debug|Any CPU.ActiveCfg = Debug|Any CPU
		{FE8BE3EA-3F69-488E-8AC8-CFE47525D93F}.Debug|Any CPU.Build.0 = Debug|Any CPU
		{FE8BE3EA-3F69-488E-8AC8-CFE47525D93F}.Release|Any CPU.ActiveCfg = Release|Any CPU
		{FE8BE3EA-3F69-488E-8AC8-CFE47525D93F}.Release|Any CPU.Build.0 = Release|Any CPU
		{A11F8CAA-97D7-4A08-B7A1-6F331830D316}.Debug|Any CPU.ActiveCfg = Debug|Any CPU
		{A11F8CAA-97D7-4A08-B7A1-6F331830D316}.Debug|Any CPU.Build.0 = Debug|Any CPU
		{A11F8CAA-97D7-4A08-B7A1-6F331830D316}.Release|Any CPU.ActiveCfg = Release|Any CPU
		{A11F8CAA-97D7-4A08-B7A1-6F331830D316}.Release|Any CPU.Build.0 = Release|Any CPU
		{4B2BF50E-0B2B-4487-B498-FEB4901730D6}.Debug|Any CPU.ActiveCfg = Debug|Any CPU
		{4B2BF50E-0B2B-4487-B498-FEB4901730D6}.Debug|Any CPU.Build.0 = Debug|Any CPU
		{4B2BF50E-0B2B-4487-B498-FEB4901730D6}.Release|Any CPU.ActiveCfg = Release|Any CPU
		{4B2BF50E-0B2B-4487-B498-FEB4901730D6}.Release|Any CPU.Build.0 = Release|Any CPU
		{D0D2D7E5-D147-47E9-8D8F-18F6F6B19720}.Debug|Any CPU.ActiveCfg = Debug|Any CPU
		{D0D2D7E5-D147-47E9-8D8F-18F6F6B19720}.Debug|Any CPU.Build.0 = Debug|Any CPU
		{D0D2D7E5-D147-47E9-8D8F-18F6F6B19720}.Release|Any CPU.ActiveCfg = Release|Any CPU
		{D0D2D7E5-D147-47E9-8D8F-18F6F6B19720}.Release|Any CPU.Build.0 = Release|Any CPU
		{74EC374A-729A-4707-8586-32D10CDC3ECC}.Debug|Any CPU.ActiveCfg = Debug|Any CPU
		{74EC374A-729A-4707-8586-32D10CDC3ECC}.Debug|Any CPU.Build.0 = Debug|Any CPU
		{74EC374A-729A-4707-8586-32D10CDC3ECC}.Release|Any CPU.ActiveCfg = Release|Any CPU
		{74EC374A-729A-4707-8586-32D10CDC3ECC}.Release|Any CPU.Build.0 = Release|Any CPU
	EndGlobalSection
	GlobalSection(SolutionProperties) = preSolution
		HideSolutionNode = FALSE
	EndGlobalSection
EndGlobal
