
Microsoft Visual Studio Solution File, Format Version 12.00
# Visual Studio 2013
VisualStudioVersion = 12.0.40629.0
MinimumVisualStudioVersion = 10.0.40219.1
Project("{FAE04EC0-301F-11D3-BF4B-00C04F79EFBC}") = "Thycotic.Messages.Common", "Thycotic.Messages.Common.csproj", "{818F6124-14C0-447F-8001-4C8DDC2F83FF}"
EndProject
Project("{FAE04EC0-301F-11D3-BF4B-00C04F79EFBC}") = "Thycotic.Messages.Common.Tests", "..\Thycotic.Messages.Common.Tests\Thycotic.Messages.Common.Tests.csproj", "{9E5E3B06-B6FC-44F3-B25B-1ED6FE4DD7B6}"
EndProject
Global
	GlobalSection(SolutionConfigurationPlatforms) = preSolution
		Debug|Any CPU = Debug|Any CPU
		Release|Any CPU = Release|Any CPU
		Static Analysis|Any CPU = Static Analysis|Any CPU
	EndGlobalSection
	GlobalSection(ProjectConfigurationPlatforms) = postSolution
		{818F6124-14C0-447F-8001-4C8DDC2F83FF}.Debug|Any CPU.ActiveCfg = Debug|Any CPU
		{818F6124-14C0-447F-8001-4C8DDC2F83FF}.Debug|Any CPU.Build.0 = Debug|Any CPU
		{818F6124-14C0-447F-8001-4C8DDC2F83FF}.Release|Any CPU.ActiveCfg = Release|Any CPU
		{818F6124-14C0-447F-8001-4C8DDC2F83FF}.Release|Any CPU.Build.0 = Release|Any CPU
		{818F6124-14C0-447F-8001-4C8DDC2F83FF}.Static Analysis|Any CPU.ActiveCfg = Static Analysis|Any CPU
		{818F6124-14C0-447F-8001-4C8DDC2F83FF}.Static Analysis|Any CPU.Build.0 = Static Analysis|Any CPU
		{9E5E3B06-B6FC-44F3-B25B-1ED6FE4DD7B6}.Debug|Any CPU.ActiveCfg = Debug|Any CPU
		{9E5E3B06-B6FC-44F3-B25B-1ED6FE4DD7B6}.Debug|Any CPU.Build.0 = Debug|Any CPU
		{9E5E3B06-B6FC-44F3-B25B-1ED6FE4DD7B6}.Release|Any CPU.ActiveCfg = Release|Any CPU
		{9E5E3B06-B6FC-44F3-B25B-1ED6FE4DD7B6}.Release|Any CPU.Build.0 = Release|Any CPU
		{9E5E3B06-B6FC-44F3-B25B-1ED6FE4DD7B6}.Static Analysis|Any CPU.ActiveCfg = Release|Any CPU
		{9E5E3B06-B6FC-44F3-B25B-1ED6FE4DD7B6}.Static Analysis|Any CPU.Build.0 = Release|Any CPU
	EndGlobalSection
	GlobalSection(SolutionProperties) = preSolution
		HideSolutionNode = FALSE
	EndGlobalSection
EndGlobal
