
Microsoft Visual Studio Solution File, Format Version 12.00
# Visual Studio 2013
VisualStudioVersion = 12.0.31101.0
MinimumVisualStudioVersion = 10.0.40219.1
Project("{FAE04EC0-301F-11D3-BF4B-00C04F79EFBC}") = "Thycotic.InstallerGenerator.InteractiveRunner", "Thycotic.InstallerGenerator.InteractiveRunner\Thycotic.InstallerGenerator.InteractiveRunner.csproj", "{B52ECDEC-134C-454E-B12F-F3A7E6D4E90D}"
EndProject
Project("{FAE04EC0-301F-11D3-BF4B-00C04F79EFBC}") = "Thycotic.InstallerGenerator.Core", "Thycotic.InstallerGenerator.Core\Thycotic.InstallerGenerator.Core.csproj", "{3C2D28BE-DDA0-4768-B968-4EC89B52BB9E}"
EndProject
Project("{FAE04EC0-301F-11D3-BF4B-00C04F79EFBC}") = "Thycotic.InstallerGenerator.Runbooks.Services", "Thycotic.InstallerGenerator.Runbooks.Services\Thycotic.InstallerGenerator.Runbooks.Services.csproj", "{D9A5CFF6-89D2-4801-AD50-2FF3B147DFF4}"
EndProject
Project("{FAE04EC0-301F-11D3-BF4B-00C04F79EFBC}") = "Thycotic.InstallerGenerator.Client", "Thycotic.InstallerGenerator.Client\Thycotic.InstallerGenerator.Client.csproj", "{32AD995B-6A60-4136-A015-3E053E205A39}"
EndProject
Project("{2150E333-8FDC-42A3-9474-1A3956D46DE8}") = "Recipes", "Recipes", "{2E39DFBC-859B-4873-9B8A-E62704DA7FCC}"
EndProject
Project("{2150E333-8FDC-42A3-9474-1A3956D46DE8}") = "Thycotic.DistributedEngine.Service.WiX", "Thycotic.DistributedEngine.Service.WiX", "{04626335-681F-44E0-BD23-EDD8F666A2C1}"
	ProjectSection(SolutionItems) = preProject
		..\Thycotic.DistributedEngine.Service.WiX\add_service_install.xsl = ..\Thycotic.DistributedEngine.Service.WiX\add_service_install.xsl
		..\Thycotic.DistributedEngine.Service.WiX\generate_msi.cmd = ..\Thycotic.DistributedEngine.Service.WiX\generate_msi.cmd
		..\Thycotic.DistributedEngine.Service.WiX\icon.ico = ..\Thycotic.DistributedEngine.Service.WiX\icon.ico
		..\Thycotic.DistributedEngine.Service.WiX\Product.wxs = ..\Thycotic.DistributedEngine.Service.WiX\Product.wxs
	EndProjectSection
EndProject
Project("{2150E333-8FDC-42A3-9474-1A3956D46DE8}") = "Thycotic.DistributedEngine.Service.WiX.Update", "Thycotic.DistributedEngine.Service.WiX.Update", "{0124A40D-83A3-4E80-BFA3-099FB41EA87A}"
	ProjectSection(SolutionItems) = preProject
		..\Thycotic.DistributedEngine.Service.WiX.Update\add_service_install.xsl = ..\Thycotic.DistributedEngine.Service.WiX.Update\add_service_install.xsl
		..\Thycotic.DistributedEngine.Service.WiX.Update\generate_msi.cmd = ..\Thycotic.DistributedEngine.Service.WiX.Update\generate_msi.cmd
		..\Thycotic.DistributedEngine.Service.WiX.Update\icon.ico = ..\Thycotic.DistributedEngine.Service.WiX.Update\icon.ico
		..\Thycotic.DistributedEngine.Service.WiX.Update\Product.wxs = ..\Thycotic.DistributedEngine.Service.WiX.Update\Product.wxs
	EndProjectSection
EndProject
Project("{2150E333-8FDC-42A3-9474-1A3956D46DE8}") = "Thycotic.MemoryMq.SiteConnector.Service.WiX", "Thycotic.MemoryMq.SiteConnector.Service.WiX", "{35BF3D00-A1C0-432A-9203-F7C2C0FC3ADB}"
	ProjectSection(SolutionItems) = preProject
		..\Thycotic.MemoryMq.SiteConnector.Service.WiX\add_service_install.xsl = ..\Thycotic.MemoryMq.SiteConnector.Service.WiX\add_service_install.xsl
		..\Thycotic.MemoryMq.SiteConnector.Service.WiX\generate_msi.cmd = ..\Thycotic.MemoryMq.SiteConnector.Service.WiX\generate_msi.cmd
		..\Thycotic.MemoryMq.SiteConnector.Service.WiX\icon.ico = ..\Thycotic.MemoryMq.SiteConnector.Service.WiX\icon.ico
		..\Thycotic.MemoryMq.SiteConnector.Service.WiX\Product.wxs = ..\Thycotic.MemoryMq.SiteConnector.Service.WiX\Product.wxs
	EndProjectSection
EndProject
Project("{2150E333-8FDC-42A3-9474-1A3956D46DE8}") = "Thycotic.DistributedEngine.Service.WiX.Update.32bit", "Thycotic.DistributedEngine.Service.WiX.Update.32bit", "{42374357-2E5C-42DC-ABD6-0AC1D137215A}"
	ProjectSection(SolutionItems) = preProject
		..\Thycotic.DistributedEngine.Service.WiX.Update.32bit\add_service_install.xsl = ..\Thycotic.DistributedEngine.Service.WiX.Update.32bit\add_service_install.xsl
		..\Thycotic.DistributedEngine.Service.WiX.Update.32bit\generate_msi.cmd = ..\Thycotic.DistributedEngine.Service.WiX.Update.32bit\generate_msi.cmd
		..\Thycotic.DistributedEngine.Service.WiX.Update.32bit\icon.ico = ..\Thycotic.DistributedEngine.Service.WiX.Update.32bit\icon.ico
		..\Thycotic.DistributedEngine.Service.WiX.Update.32bit\Product.wxs = ..\Thycotic.DistributedEngine.Service.WiX.Update.32bit\Product.wxs
	EndProjectSection
EndProject
Project("{2150E333-8FDC-42A3-9474-1A3956D46DE8}") = "Thycotic.DistributedEngine.Service.WiX.32bit", "Thycotic.DistributedEngine.Service.WiX.32bit", "{D7BF18B7-D0B6-4B94-9E6E-EC2D6BA9B8CA}"
	ProjectSection(SolutionItems) = preProject
		..\Thycotic.DistributedEngine.Service.WiX.32bit\add_service_install.xsl = ..\Thycotic.DistributedEngine.Service.WiX.32bit\add_service_install.xsl
		..\Thycotic.DistributedEngine.Service.WiX.32bit\generate_msi.cmd = ..\Thycotic.DistributedEngine.Service.WiX.32bit\generate_msi.cmd
		..\Thycotic.DistributedEngine.Service.WiX.32bit\icon.ico = ..\Thycotic.DistributedEngine.Service.WiX.32bit\icon.ico
		..\Thycotic.DistributedEngine.Service.WiX.32bit\Product.wxs = ..\Thycotic.DistributedEngine.Service.WiX.32bit\Product.wxs
	EndProjectSection
EndProject
Project("{FAE04EC0-301F-11D3-BF4B-00C04F79EFBC}") = "Thycotic.CLI", "..\Thycotic.CLI\Thycotic.CLI.csproj", "{2DBBC8EC-B150-45C1-82A9-20CCEE768443}"
EndProject
Project("{FAE04EC0-301F-11D3-BF4B-00C04F79EFBC}") = "Thycotic.InstallerGenerator.WiX", "Thycotic.InstallerGenerator.WiX\Thycotic.InstallerGenerator.WiX.csproj", "{3551DAF3-DBCE-4081-8010-E6AE850E7A67}"
EndProject
Project("{FAE04EC0-301F-11D3-BF4B-00C04F79EFBC}") = "Thycotic.Utility", "..\Thycotic.Utility\Thycotic.Utility.csproj", "{05CF5726-55EE-4B49-9820-1ACD32B83711}"
EndProject
Project("{FAE04EC0-301F-11D3-BF4B-00C04F79EFBC}") = "Thycotic.InstallerRunner", "Thycotic.InstallerRunner\Thycotic.InstallerRunner.csproj", "{43EEDA3A-03BE-4CA1-BB64-C2122E926606}"
EndProject
Global
	GlobalSection(SolutionConfigurationPlatforms) = preSolution
		Debug|Any CPU = Debug|Any CPU
		Release|Any CPU = Release|Any CPU
	EndGlobalSection
	GlobalSection(ProjectConfigurationPlatforms) = postSolution
		{B52ECDEC-134C-454E-B12F-F3A7E6D4E90D}.Debug|Any CPU.ActiveCfg = Debug|Any CPU
		{B52ECDEC-134C-454E-B12F-F3A7E6D4E90D}.Debug|Any CPU.Build.0 = Debug|Any CPU
		{B52ECDEC-134C-454E-B12F-F3A7E6D4E90D}.Release|Any CPU.ActiveCfg = Release|Any CPU
		{B52ECDEC-134C-454E-B12F-F3A7E6D4E90D}.Release|Any CPU.Build.0 = Release|Any CPU
		{3C2D28BE-DDA0-4768-B968-4EC89B52BB9E}.Debug|Any CPU.ActiveCfg = Debug|Any CPU
		{3C2D28BE-DDA0-4768-B968-4EC89B52BB9E}.Debug|Any CPU.Build.0 = Debug|Any CPU
		{3C2D28BE-DDA0-4768-B968-4EC89B52BB9E}.Release|Any CPU.ActiveCfg = Release|Any CPU
		{3C2D28BE-DDA0-4768-B968-4EC89B52BB9E}.Release|Any CPU.Build.0 = Release|Any CPU
		{D9A5CFF6-89D2-4801-AD50-2FF3B147DFF4}.Debug|Any CPU.ActiveCfg = Debug|Any CPU
		{D9A5CFF6-89D2-4801-AD50-2FF3B147DFF4}.Debug|Any CPU.Build.0 = Debug|Any CPU
		{D9A5CFF6-89D2-4801-AD50-2FF3B147DFF4}.Release|Any CPU.ActiveCfg = Release|Any CPU
		{D9A5CFF6-89D2-4801-AD50-2FF3B147DFF4}.Release|Any CPU.Build.0 = Release|Any CPU
		{32AD995B-6A60-4136-A015-3E053E205A39}.Debug|Any CPU.ActiveCfg = Debug|Any CPU
		{32AD995B-6A60-4136-A015-3E053E205A39}.Debug|Any CPU.Build.0 = Debug|Any CPU
		{32AD995B-6A60-4136-A015-3E053E205A39}.Release|Any CPU.ActiveCfg = Release|Any CPU
		{32AD995B-6A60-4136-A015-3E053E205A39}.Release|Any CPU.Build.0 = Release|Any CPU
		{2DBBC8EC-B150-45C1-82A9-20CCEE768443}.Debug|Any CPU.ActiveCfg = Debug|Any CPU
		{2DBBC8EC-B150-45C1-82A9-20CCEE768443}.Debug|Any CPU.Build.0 = Debug|Any CPU
		{2DBBC8EC-B150-45C1-82A9-20CCEE768443}.Release|Any CPU.ActiveCfg = Release|Any CPU
		{2DBBC8EC-B150-45C1-82A9-20CCEE768443}.Release|Any CPU.Build.0 = Release|Any CPU
		{3551DAF3-DBCE-4081-8010-E6AE850E7A67}.Debug|Any CPU.ActiveCfg = Debug|Any CPU
		{3551DAF3-DBCE-4081-8010-E6AE850E7A67}.Debug|Any CPU.Build.0 = Debug|Any CPU
		{3551DAF3-DBCE-4081-8010-E6AE850E7A67}.Release|Any CPU.ActiveCfg = Release|Any CPU
		{3551DAF3-DBCE-4081-8010-E6AE850E7A67}.Release|Any CPU.Build.0 = Release|Any CPU
		{05CF5726-55EE-4B49-9820-1ACD32B83711}.Debug|Any CPU.ActiveCfg = Debug|Any CPU
		{05CF5726-55EE-4B49-9820-1ACD32B83711}.Debug|Any CPU.Build.0 = Debug|Any CPU
		{05CF5726-55EE-4B49-9820-1ACD32B83711}.Release|Any CPU.ActiveCfg = Release|Any CPU
		{05CF5726-55EE-4B49-9820-1ACD32B83711}.Release|Any CPU.Build.0 = Release|Any CPU
		{43EEDA3A-03BE-4CA1-BB64-C2122E926606}.Debug|Any CPU.ActiveCfg = Debug|Any CPU
		{43EEDA3A-03BE-4CA1-BB64-C2122E926606}.Debug|Any CPU.Build.0 = Debug|Any CPU
		{43EEDA3A-03BE-4CA1-BB64-C2122E926606}.Release|Any CPU.ActiveCfg = Release|Any CPU
		{43EEDA3A-03BE-4CA1-BB64-C2122E926606}.Release|Any CPU.Build.0 = Release|Any CPU
	EndGlobalSection
	GlobalSection(SolutionProperties) = preSolution
		HideSolutionNode = FALSE
	EndGlobalSection
	GlobalSection(NestedProjects) = preSolution
		{04626335-681F-44E0-BD23-EDD8F666A2C1} = {2E39DFBC-859B-4873-9B8A-E62704DA7FCC}
		{0124A40D-83A3-4E80-BFA3-099FB41EA87A} = {2E39DFBC-859B-4873-9B8A-E62704DA7FCC}
		{35BF3D00-A1C0-432A-9203-F7C2C0FC3ADB} = {2E39DFBC-859B-4873-9B8A-E62704DA7FCC}
		{42374357-2E5C-42DC-ABD6-0AC1D137215A} = {2E39DFBC-859B-4873-9B8A-E62704DA7FCC}
		{D7BF18B7-D0B6-4B94-9E6E-EC2D6BA9B8CA} = {2E39DFBC-859B-4873-9B8A-E62704DA7FCC}
	EndGlobalSection
EndGlobal
