
Microsoft Visual Studio Solution File, Format Version 12.00
# Visual Studio 2013
VisualStudioVersion = 12.0.31101.0
MinimumVisualStudioVersion = 10.0.40219.1
Project("{FAE04EC0-301F-11D3-BF4B-00C04F79EFBC}") = "Thycotic.InstallerGenerator", "Thycotic.InstallerGenerator.csproj", "{2EA4777C-E2AA-4CCC-94A1-9CEF50C29AE8}"
EndProject
Project("{FAE04EC0-301F-11D3-BF4B-00C04F79EFBC}") = "Thycotic.InstallerGenerator.InteractiveRunner", "..\Thycotic.InstallerGenerator.InteractiveRunner\Thycotic.InstallerGenerator.InteractiveRunner.csproj", "{B52ECDEC-134C-454E-B12F-F3A7E6D4E90D}"
EndProject
Project("{FAE04EC0-301F-11D3-BF4B-00C04F79EFBC}") = "Thycotic.InstallerGenerator.Core", "..\Thycotic.InstallerGenerator.Core\Thycotic.InstallerGenerator.Core.csproj", "{3C2D28BE-DDA0-4768-B968-4EC89B52BB9E}"
EndProject
Project("{FAE04EC0-301F-11D3-BF4B-00C04F79EFBC}") = "Thycotic.InstallerGenerator.Runbooks.Services", "..\Thycotic.InstallerGenerator.Runbooks.Services\Thycotic.InstallerGenerator.Runbooks.Services.csproj", "{D9A5CFF6-89D2-4801-AD50-2FF3B147DFF4}"
EndProject
Project("{FAE04EC0-301F-11D3-BF4B-00C04F79EFBC}") = "Thycotic.InstallerGenerator.Client", "..\Thycotic.InstallerGenerator.Client\Thycotic.InstallerGenerator.Client.csproj", "{32AD995B-6A60-4136-A015-3E053E205A39}"
EndProject
Global
	GlobalSection(SolutionConfigurationPlatforms) = preSolution
		Debug|Any CPU = Debug|Any CPU
		Release|Any CPU = Release|Any CPU
	EndGlobalSection
	GlobalSection(ProjectConfigurationPlatforms) = postSolution
		{2EA4777C-E2AA-4CCC-94A1-9CEF50C29AE8}.Debug|Any CPU.ActiveCfg = Debug|Any CPU
		{2EA4777C-E2AA-4CCC-94A1-9CEF50C29AE8}.Debug|Any CPU.Build.0 = Debug|Any CPU
		{2EA4777C-E2AA-4CCC-94A1-9CEF50C29AE8}.Release|Any CPU.ActiveCfg = Release|Any CPU
		{2EA4777C-E2AA-4CCC-94A1-9CEF50C29AE8}.Release|Any CPU.Build.0 = Release|Any CPU
		{B52ECDEC-134C-454E-B12F-F3A7E6D4E90D}.Debug|Any CPU.ActiveCfg = Debug|Any CPU
		{B52ECDEC-134C-454E-B12F-F3A7E6D4E90D}.Debug|Any CPU.Build.0 = Debug|Any CPU
		{B52ECDEC-134C-454E-B12F-F3A7E6D4E90D}.Release|Any CPU.ActiveCfg = Release|Any CPU
		{B52ECDEC-134C-454E-B12F-F3A7E6D4E90D}.Release|Any CPU.Build.0 = Release|Any CPU
		{3C2D28BE-DDA0-4768-B968-4EC89B52BB9E}.Debug|Any CPU.ActiveCfg = Debug|Any CPU
		{3C2D28BE-DDA0-4768-B968-4EC89B52BB9E}.Debug|Any CPU.Build.0 = Debug|Any CPU
		{3C2D28BE-DDA0-4768-B968-4EC89B52BB9E}.Release|Any CPU.ActiveCfg = Release|Any CPU
		{3C2D28BE-DDA0-4768-B968-4EC89B52BB9E}.Release|Any CPU.Build.0 = Release|Any CPU
		{D9A5CFF6-89D2-4801-AD50-2FF3B147DFF4}.Debug|Any CPU.ActiveCfg = Debug|Any CPU
		{D9A5CFF6-89D2-4801-AD50-2FF3B147DFF4}.Debug|Any CPU.Build.0 = Debug|Any CPU
		{D9A5CFF6-89D2-4801-AD50-2FF3B147DFF4}.Release|Any CPU.ActiveCfg = Release|Any CPU
		{D9A5CFF6-89D2-4801-AD50-2FF3B147DFF4}.Release|Any CPU.Build.0 = Release|Any CPU
		{32AD995B-6A60-4136-A015-3E053E205A39}.Debug|Any CPU.ActiveCfg = Debug|Any CPU
		{32AD995B-6A60-4136-A015-3E053E205A39}.Debug|Any CPU.Build.0 = Debug|Any CPU
		{32AD995B-6A60-4136-A015-3E053E205A39}.Release|Any CPU.ActiveCfg = Release|Any CPU
		{32AD995B-6A60-4136-A015-3E053E205A39}.Release|Any CPU.Build.0 = Release|Any CPU
	EndGlobalSection
	GlobalSection(SolutionProperties) = preSolution
		HideSolutionNode = FALSE
	EndGlobalSection
EndGlobal
