
Microsoft Visual Studio Solution File, Format Version 12.00
# Visual Studio 2013
VisualStudioVersion = 12.0.40629.0
MinimumVisualStudioVersion = 10.0.40219.1
Project("{FAE04EC0-301F-11D3-BF4B-00C04F79EFBC}") = "Thycotic.Messages", "Thycotic.Messages\Thycotic.Messages.csproj", "{BB022C12-4D04-4195-BBB7-BAAA0E20FCB7}"
EndProject
Project("{FAE04EC0-301F-11D3-BF4B-00C04F79EFBC}") = "Thycotic.DistributedEngine.Service", "Thycotic.DistributedEngine.Service\Thycotic.DistributedEngine.Service.csproj", "{DF86AFEF-6D78-46C9-9BDA-419C4547EFE3}"
EndProject
Project("{FAE04EC0-301F-11D3-BF4B-00C04F79EFBC}") = "Thycotic.DistributedEngine.InteractiveRunner", "Thycotic.DistributedEngine.InteractiveRunner\Thycotic.DistributedEngine.InteractiveRunner.csproj", "{A11F8CAA-97D7-4A08-B7A1-6F331830D316}"
EndProject
Project("{2150E333-8FDC-42A3-9474-1A3956D46DE8}") = "Database", "Database", "{ADB68D88-1F81-46B0-9A85-12E30F60465F}"
	ProjectSection(SolutionItems) = preProject
		Create_Log4Net.sql = Create_Log4Net.sql
	EndProjectSection
EndProject
Project("{FAE04EC0-301F-11D3-BF4B-00C04F79EFBC}") = "Thycotic.DistributedEngine.Logic", "Thycotic.DistributedEngine.Logic\Thycotic.DistributedEngine.Logic.csproj", "{74EC374A-729A-4707-8586-32D10CDC3ECC}"
EndProject
Project("{2150E333-8FDC-42A3-9474-1A3956D46DE8}") = "Solution Items", "Solution Items", "{B3CBDC28-C295-42B9-9AF3-1EE0B536D58E}"
	ProjectSection(SolutionItems) = preProject
		ProductInfo.cs = ProductInfo.cs
	EndProjectSection
EndProject
Project("{FAE04EC0-301F-11D3-BF4B-00C04F79EFBC}") = "Thycotic.DistributedEngine.LogViewer", "Thycotic.DistributedEngine.LogViewer\Thycotic.DistributedEngine.LogViewer.csproj", "{6802EEF8-B101-43B6-AB26-F82A6F750F23}"
EndProject
Project("{FAE04EC0-301F-11D3-BF4B-00C04F79EFBC}") = "Thycotic.RabbitMq.Helper", "Thycotic.RabbitMq.Helper\Thycotic.RabbitMq.Helper.csproj", "{8E815A53-4472-4C31-9FF5-1BD48B976565}"
EndProject
Project("{FAE04EC0-301F-11D3-BF4B-00C04F79EFBC}") = "Thycotic.Messages.Tests", "Thycotic.Messages.Tests\Thycotic.Messages.Tests.csproj", "{B8DF9BCE-75A1-4690-ADC2-409D55095A26}"
EndProject
Project("{FAE04EC0-301F-11D3-BF4B-00C04F79EFBC}") = "Thycotic.DistributedEngine.Service.Tests", "Thycotic.DistributedEngine.Service.Tests\Thycotic.DistributedEngine.Service.Tests.csproj", "{8E2112AB-6688-4E3A-B23D-6C606B848B81}"
EndProject
Project("{FAE04EC0-301F-11D3-BF4B-00C04F79EFBC}") = "Thycotic.DistributedEngine.Logic.Tests", "Thycotic.DistributedEngine.Logic.Tests\Thycotic.DistributedEngine.Logic.Tests.csproj", "{CB29A39A-D28B-43B8-B965-8912F8BC7635}"
EndProject
Project("{2150E333-8FDC-42A3-9474-1A3956D46DE8}") = "Messages", "Messages", "{135CB337-DA1B-4552-9240-73E31876E0AA}"
EndProject
Project("{2150E333-8FDC-42A3-9474-1A3956D46DE8}") = "MemoryMq", "MemoryMq", "{7D0ED7EF-9B42-425F-ADD4-260565FF231A}"
EndProject
Project("{2150E333-8FDC-42A3-9474-1A3956D46DE8}") = "Service", "Service", "{B8F73DAD-1146-4E09-914A-035D2BA99476}"
EndProject
Project("{FAE04EC0-301F-11D3-BF4B-00C04F79EFBC}") = "Thycotic.MemoryMq.SiteConnector.Service", "Thycotic.MemoryMq.SiteConnector.Service\Thycotic.MemoryMq.SiteConnector.Service.csproj", "{88BDA5ED-1BCA-4227-B838-681A709F4EA1}"
EndProject
Project("{FAE04EC0-301F-11D3-BF4B-00C04F79EFBC}") = "Thycotic.MemoryMq.SiteConnector.Service.Tests", "Thycotic.MemoryMq.SiteConnector.Service.Tests\Thycotic.MemoryMq.SiteConnector.Service.Tests.csproj", "{EF4A40F4-0BEF-4D0A-9106-C9DDF9D8D857}"
EndProject
Project("{FAE04EC0-301F-11D3-BF4B-00C04F79EFBC}") = "Thycotic.WindowsService.Bootstraper", "Thycotic.WindowsService.Bootstraper\Thycotic.WindowsService.Bootstraper.csproj", "{CF3EC07E-EA34-4D65-B6F3-C6335F2588EA}"
EndProject
Project("{2150E333-8FDC-42A3-9474-1A3956D46DE8}") = ".nuget", ".nuget", "{C88E4F20-5BA2-4375-B800-6D4E1B7D2AAF}"
	ProjectSection(SolutionItems) = preProject
		.nuget\packages.config = .nuget\packages.config
	EndProjectSection
EndProject
Project("{FAE04EC0-301F-11D3-BF4B-00C04F79EFBC}") = "Thycotic.WindowsService.Bootstraper.Tests", "Thycotic.WindowsService.Bootstraper.Tests\Thycotic.WindowsService.Bootstraper.Tests.csproj", "{F3E9DA0D-B1DC-4AB5-B99D-998E10CFAEC1}"
EndProject
Project("{2150E333-8FDC-42A3-9474-1A3956D46DE8}") = "RabbitMq", "RabbitMq", "{DDEABD7C-BFD5-49F0-94FB-D803B2F7C685}"
EndProject
Project("{2150E333-8FDC-42A3-9474-1A3956D46DE8}") = "SiteConnectors", "SiteConnectors", "{8F1CF29E-0250-42FE-87BC-67BE9F0658BF}"
EndProject
Project("{2150E333-8FDC-42A3-9474-1A3956D46DE8}") = "Service", "Service", "{F1376B91-E52B-4C41-B510-A27E6ACA795B}"
EndProject
Project("{2150E333-8FDC-42A3-9474-1A3956D46DE8}") = "Diagnostics", "Diagnostics", "{191FBFB2-18CE-45F8-AFA7-96E6183AB7D4}"
EndProject
Global
	GlobalSection(SolutionConfigurationPlatforms) = preSolution
		Debug|Any CPU = Debug|Any CPU
		MSI.32Bit|Any CPU = MSI.32Bit|Any CPU
		MSI|Any CPU = MSI|Any CPU
		Release|Any CPU = Release|Any CPU
		Static Analysis|Any CPU = Static Analysis|Any CPU
	EndGlobalSection
	GlobalSection(ProjectConfigurationPlatforms) = postSolution
		{BB022C12-4D04-4195-BBB7-BAAA0E20FCB7}.Debug|Any CPU.ActiveCfg = Debug|Any CPU
		{BB022C12-4D04-4195-BBB7-BAAA0E20FCB7}.Debug|Any CPU.Build.0 = Debug|Any CPU
		{BB022C12-4D04-4195-BBB7-BAAA0E20FCB7}.MSI.32Bit|Any CPU.ActiveCfg = Release|Any CPU
		{BB022C12-4D04-4195-BBB7-BAAA0E20FCB7}.MSI.32Bit|Any CPU.Build.0 = Release|Any CPU
		{BB022C12-4D04-4195-BBB7-BAAA0E20FCB7}.MSI|Any CPU.ActiveCfg = Release|Any CPU
		{BB022C12-4D04-4195-BBB7-BAAA0E20FCB7}.MSI|Any CPU.Build.0 = Release|Any CPU
		{BB022C12-4D04-4195-BBB7-BAAA0E20FCB7}.Release|Any CPU.ActiveCfg = Release|Any CPU
		{BB022C12-4D04-4195-BBB7-BAAA0E20FCB7}.Release|Any CPU.Build.0 = Release|Any CPU
		{BB022C12-4D04-4195-BBB7-BAAA0E20FCB7}.Static Analysis|Any CPU.ActiveCfg = Static Analysis|Any CPU
		{BB022C12-4D04-4195-BBB7-BAAA0E20FCB7}.Static Analysis|Any CPU.Build.0 = Static Analysis|Any CPU
		{DF86AFEF-6D78-46C9-9BDA-419C4547EFE3}.Debug|Any CPU.ActiveCfg = Debug|Any CPU
		{DF86AFEF-6D78-46C9-9BDA-419C4547EFE3}.Debug|Any CPU.Build.0 = Debug|Any CPU
		{DF86AFEF-6D78-46C9-9BDA-419C4547EFE3}.MSI.32Bit|Any CPU.ActiveCfg = Release.32Bit|Any CPU
		{DF86AFEF-6D78-46C9-9BDA-419C4547EFE3}.MSI.32Bit|Any CPU.Build.0 = Release.32Bit|Any CPU
		{DF86AFEF-6D78-46C9-9BDA-419C4547EFE3}.MSI|Any CPU.ActiveCfg = Release|Any CPU
		{DF86AFEF-6D78-46C9-9BDA-419C4547EFE3}.MSI|Any CPU.Build.0 = Release|Any CPU
		{DF86AFEF-6D78-46C9-9BDA-419C4547EFE3}.Release|Any CPU.ActiveCfg = Release|Any CPU
		{DF86AFEF-6D78-46C9-9BDA-419C4547EFE3}.Release|Any CPU.Build.0 = Release|Any CPU
		{DF86AFEF-6D78-46C9-9BDA-419C4547EFE3}.Static Analysis|Any CPU.ActiveCfg = Static Analysis|Any CPU
		{DF86AFEF-6D78-46C9-9BDA-419C4547EFE3}.Static Analysis|Any CPU.Build.0 = Static Analysis|Any CPU
		{A11F8CAA-97D7-4A08-B7A1-6F331830D316}.Debug|Any CPU.ActiveCfg = Debug|Any CPU
		{A11F8CAA-97D7-4A08-B7A1-6F331830D316}.Debug|Any CPU.Build.0 = Debug|Any CPU
		{A11F8CAA-97D7-4A08-B7A1-6F331830D316}.MSI.32Bit|Any CPU.ActiveCfg = Release|Any CPU
		{A11F8CAA-97D7-4A08-B7A1-6F331830D316}.MSI|Any CPU.ActiveCfg = Release|Any CPU
		{A11F8CAA-97D7-4A08-B7A1-6F331830D316}.Release|Any CPU.ActiveCfg = Release|Any CPU
		{A11F8CAA-97D7-4A08-B7A1-6F331830D316}.Release|Any CPU.Build.0 = Release|Any CPU
		{A11F8CAA-97D7-4A08-B7A1-6F331830D316}.Static Analysis|Any CPU.ActiveCfg = Static Analysis|Any CPU
		{A11F8CAA-97D7-4A08-B7A1-6F331830D316}.Static Analysis|Any CPU.Build.0 = Static Analysis|Any CPU
		{74EC374A-729A-4707-8586-32D10CDC3ECC}.Debug|Any CPU.ActiveCfg = Debug|Any CPU
		{74EC374A-729A-4707-8586-32D10CDC3ECC}.Debug|Any CPU.Build.0 = Debug|Any CPU
		{74EC374A-729A-4707-8586-32D10CDC3ECC}.MSI.32Bit|Any CPU.ActiveCfg = Release|Any CPU
		{74EC374A-729A-4707-8586-32D10CDC3ECC}.MSI.32Bit|Any CPU.Build.0 = Release|Any CPU
		{74EC374A-729A-4707-8586-32D10CDC3ECC}.MSI|Any CPU.ActiveCfg = Release|Any CPU
		{74EC374A-729A-4707-8586-32D10CDC3ECC}.MSI|Any CPU.Build.0 = Release|Any CPU
		{74EC374A-729A-4707-8586-32D10CDC3ECC}.Release|Any CPU.ActiveCfg = Release|Any CPU
		{74EC374A-729A-4707-8586-32D10CDC3ECC}.Release|Any CPU.Build.0 = Release|Any CPU
		{74EC374A-729A-4707-8586-32D10CDC3ECC}.Static Analysis|Any CPU.ActiveCfg = Static Analysis|Any CPU
		{74EC374A-729A-4707-8586-32D10CDC3ECC}.Static Analysis|Any CPU.Build.0 = Static Analysis|Any CPU
		{6802EEF8-B101-43B6-AB26-F82A6F750F23}.Debug|Any CPU.ActiveCfg = Debug|Any CPU
		{6802EEF8-B101-43B6-AB26-F82A6F750F23}.Debug|Any CPU.Build.0 = Debug|Any CPU
		{6802EEF8-B101-43B6-AB26-F82A6F750F23}.MSI.32Bit|Any CPU.ActiveCfg = Release|Any CPU
		{6802EEF8-B101-43B6-AB26-F82A6F750F23}.MSI.32Bit|Any CPU.Build.0 = Release|Any CPU
		{6802EEF8-B101-43B6-AB26-F82A6F750F23}.MSI|Any CPU.ActiveCfg = Release|Any CPU
		{6802EEF8-B101-43B6-AB26-F82A6F750F23}.MSI|Any CPU.Build.0 = Release|Any CPU
		{6802EEF8-B101-43B6-AB26-F82A6F750F23}.Release|Any CPU.ActiveCfg = Release|Any CPU
		{6802EEF8-B101-43B6-AB26-F82A6F750F23}.Release|Any CPU.Build.0 = Release|Any CPU
		{6802EEF8-B101-43B6-AB26-F82A6F750F23}.Static Analysis|Any CPU.ActiveCfg = Debug|Any CPU
		{8E815A53-4472-4C31-9FF5-1BD48B976565}.Debug|Any CPU.ActiveCfg = Debug|Any CPU
		{8E815A53-4472-4C31-9FF5-1BD48B976565}.Debug|Any CPU.Build.0 = Debug|Any CPU
		{8E815A53-4472-4C31-9FF5-1BD48B976565}.MSI.32Bit|Any CPU.ActiveCfg = Release|Any CPU
		{8E815A53-4472-4C31-9FF5-1BD48B976565}.MSI.32Bit|Any CPU.Build.0 = Release|Any CPU
		{8E815A53-4472-4C31-9FF5-1BD48B976565}.MSI|Any CPU.ActiveCfg = Release|Any CPU
		{8E815A53-4472-4C31-9FF5-1BD48B976565}.MSI|Any CPU.Build.0 = Release|Any CPU
		{8E815A53-4472-4C31-9FF5-1BD48B976565}.Release|Any CPU.ActiveCfg = Release|Any CPU
		{8E815A53-4472-4C31-9FF5-1BD48B976565}.Release|Any CPU.Build.0 = Release|Any CPU
		{8E815A53-4472-4C31-9FF5-1BD48B976565}.Static Analysis|Any CPU.ActiveCfg = Static Analysis|Any CPU
		{8E815A53-4472-4C31-9FF5-1BD48B976565}.Static Analysis|Any CPU.Build.0 = Static Analysis|Any CPU
		{B8DF9BCE-75A1-4690-ADC2-409D55095A26}.Debug|Any CPU.ActiveCfg = Debug|Any CPU
		{B8DF9BCE-75A1-4690-ADC2-409D55095A26}.Debug|Any CPU.Build.0 = Debug|Any CPU
		{B8DF9BCE-75A1-4690-ADC2-409D55095A26}.MSI.32Bit|Any CPU.ActiveCfg = Release|Any CPU
		{B8DF9BCE-75A1-4690-ADC2-409D55095A26}.MSI.32Bit|Any CPU.Build.0 = Release|Any CPU
		{B8DF9BCE-75A1-4690-ADC2-409D55095A26}.MSI|Any CPU.ActiveCfg = Release|Any CPU
		{B8DF9BCE-75A1-4690-ADC2-409D55095A26}.MSI|Any CPU.Build.0 = Release|Any CPU
		{B8DF9BCE-75A1-4690-ADC2-409D55095A26}.Release|Any CPU.ActiveCfg = Release|Any CPU
		{B8DF9BCE-75A1-4690-ADC2-409D55095A26}.Release|Any CPU.Build.0 = Release|Any CPU
		{B8DF9BCE-75A1-4690-ADC2-409D55095A26}.Static Analysis|Any CPU.ActiveCfg = Debug|Any CPU
		{8E2112AB-6688-4E3A-B23D-6C606B848B81}.Debug|Any CPU.ActiveCfg = Debug|Any CPU
		{8E2112AB-6688-4E3A-B23D-6C606B848B81}.Debug|Any CPU.Build.0 = Debug|Any CPU
		{8E2112AB-6688-4E3A-B23D-6C606B848B81}.MSI.32Bit|Any CPU.ActiveCfg = Release|Any CPU
		{8E2112AB-6688-4E3A-B23D-6C606B848B81}.MSI|Any CPU.ActiveCfg = Release|Any CPU
		{8E2112AB-6688-4E3A-B23D-6C606B848B81}.Release|Any CPU.ActiveCfg = Release|Any CPU
		{8E2112AB-6688-4E3A-B23D-6C606B848B81}.Release|Any CPU.Build.0 = Release|Any CPU
		{8E2112AB-6688-4E3A-B23D-6C606B848B81}.Static Analysis|Any CPU.ActiveCfg = Debug|Any CPU
		{CB29A39A-D28B-43B8-B965-8912F8BC7635}.Debug|Any CPU.ActiveCfg = Debug|Any CPU
		{CB29A39A-D28B-43B8-B965-8912F8BC7635}.Debug|Any CPU.Build.0 = Debug|Any CPU
		{CB29A39A-D28B-43B8-B965-8912F8BC7635}.MSI.32Bit|Any CPU.ActiveCfg = Release|Any CPU
		{CB29A39A-D28B-43B8-B965-8912F8BC7635}.MSI|Any CPU.ActiveCfg = Release|Any CPU
		{CB29A39A-D28B-43B8-B965-8912F8BC7635}.Release|Any CPU.ActiveCfg = Release|Any CPU
		{CB29A39A-D28B-43B8-B965-8912F8BC7635}.Release|Any CPU.Build.0 = Release|Any CPU
		{CB29A39A-D28B-43B8-B965-8912F8BC7635}.Static Analysis|Any CPU.ActiveCfg = Debug|Any CPU
		{88BDA5ED-1BCA-4227-B838-681A709F4EA1}.Debug|Any CPU.ActiveCfg = Debug|Any CPU
		{88BDA5ED-1BCA-4227-B838-681A709F4EA1}.Debug|Any CPU.Build.0 = Debug|Any CPU
		{88BDA5ED-1BCA-4227-B838-681A709F4EA1}.MSI.32Bit|Any CPU.ActiveCfg = Release.32BIt|Any CPU
		{88BDA5ED-1BCA-4227-B838-681A709F4EA1}.MSI.32Bit|Any CPU.Build.0 = Release.32BIt|Any CPU
		{88BDA5ED-1BCA-4227-B838-681A709F4EA1}.MSI|Any CPU.ActiveCfg = Release|Any CPU
		{88BDA5ED-1BCA-4227-B838-681A709F4EA1}.MSI|Any CPU.Build.0 = Release|Any CPU
		{88BDA5ED-1BCA-4227-B838-681A709F4EA1}.Release|Any CPU.ActiveCfg = Release|Any CPU
		{88BDA5ED-1BCA-4227-B838-681A709F4EA1}.Release|Any CPU.Build.0 = Release|Any CPU
		{88BDA5ED-1BCA-4227-B838-681A709F4EA1}.Static Analysis|Any CPU.ActiveCfg = Static Analysis|Any CPU
		{88BDA5ED-1BCA-4227-B838-681A709F4EA1}.Static Analysis|Any CPU.Build.0 = Static Analysis|Any CPU
		{EF4A40F4-0BEF-4D0A-9106-C9DDF9D8D857}.Debug|Any CPU.ActiveCfg = Debug|Any CPU
		{EF4A40F4-0BEF-4D0A-9106-C9DDF9D8D857}.Debug|Any CPU.Build.0 = Debug|Any CPU
		{EF4A40F4-0BEF-4D0A-9106-C9DDF9D8D857}.MSI.32Bit|Any CPU.ActiveCfg = Release|Any CPU
		{EF4A40F4-0BEF-4D0A-9106-C9DDF9D8D857}.MSI|Any CPU.ActiveCfg = Release|Any CPU
		{EF4A40F4-0BEF-4D0A-9106-C9DDF9D8D857}.Release|Any CPU.ActiveCfg = Release|Any CPU
		{EF4A40F4-0BEF-4D0A-9106-C9DDF9D8D857}.Release|Any CPU.Build.0 = Release|Any CPU
		{EF4A40F4-0BEF-4D0A-9106-C9DDF9D8D857}.Static Analysis|Any CPU.ActiveCfg = Debug|Any CPU
		{CF3EC07E-EA34-4D65-B6F3-C6335F2588EA}.Debug|Any CPU.ActiveCfg = Debug|Any CPU
		{CF3EC07E-EA34-4D65-B6F3-C6335F2588EA}.Debug|Any CPU.Build.0 = Debug|Any CPU
		{CF3EC07E-EA34-4D65-B6F3-C6335F2588EA}.MSI.32Bit|Any CPU.ActiveCfg = Release|Any CPU
		{CF3EC07E-EA34-4D65-B6F3-C6335F2588EA}.MSI.32Bit|Any CPU.Build.0 = Release|Any CPU
		{CF3EC07E-EA34-4D65-B6F3-C6335F2588EA}.MSI|Any CPU.ActiveCfg = Release|Any CPU
		{CF3EC07E-EA34-4D65-B6F3-C6335F2588EA}.MSI|Any CPU.Build.0 = Release|Any CPU
		{CF3EC07E-EA34-4D65-B6F3-C6335F2588EA}.Release|Any CPU.ActiveCfg = Release|Any CPU
		{CF3EC07E-EA34-4D65-B6F3-C6335F2588EA}.Release|Any CPU.Build.0 = Release|Any CPU
		{CF3EC07E-EA34-4D65-B6F3-C6335F2588EA}.Static Analysis|Any CPU.ActiveCfg = Static Analysis|Any CPU
		{CF3EC07E-EA34-4D65-B6F3-C6335F2588EA}.Static Analysis|Any CPU.Build.0 = Static Analysis|Any CPU
		{F3E9DA0D-B1DC-4AB5-B99D-998E10CFAEC1}.Debug|Any CPU.ActiveCfg = Debug|Any CPU
		{F3E9DA0D-B1DC-4AB5-B99D-998E10CFAEC1}.Debug|Any CPU.Build.0 = Debug|Any CPU
		{F3E9DA0D-B1DC-4AB5-B99D-998E10CFAEC1}.MSI.32Bit|Any CPU.ActiveCfg = Release|Any CPU
		{F3E9DA0D-B1DC-4AB5-B99D-998E10CFAEC1}.MSI|Any CPU.ActiveCfg = Release|Any CPU
		{F3E9DA0D-B1DC-4AB5-B99D-998E10CFAEC1}.Release|Any CPU.ActiveCfg = Release|Any CPU
		{F3E9DA0D-B1DC-4AB5-B99D-998E10CFAEC1}.Release|Any CPU.Build.0 = Release|Any CPU
		{F3E9DA0D-B1DC-4AB5-B99D-998E10CFAEC1}.Static Analysis|Any CPU.ActiveCfg = Debug|Any CPU
	EndGlobalSection
	GlobalSection(SolutionProperties) = preSolution
		HideSolutionNode = FALSE
	EndGlobalSection
	GlobalSection(NestedProjects) = preSolution
		{BB022C12-4D04-4195-BBB7-BAAA0E20FCB7} = {135CB337-DA1B-4552-9240-73E31876E0AA}
		{DF86AFEF-6D78-46C9-9BDA-419C4547EFE3} = {F1376B91-E52B-4C41-B510-A27E6ACA795B}
		{6802EEF8-B101-43B6-AB26-F82A6F750F23} = {191FBFB2-18CE-45F8-AFA7-96E6183AB7D4}
		{8E815A53-4472-4C31-9FF5-1BD48B976565} = {DDEABD7C-BFD5-49F0-94FB-D803B2F7C685}
		{B8DF9BCE-75A1-4690-ADC2-409D55095A26} = {135CB337-DA1B-4552-9240-73E31876E0AA}
		{8E2112AB-6688-4E3A-B23D-6C606B848B81} = {F1376B91-E52B-4C41-B510-A27E6ACA795B}
		{7D0ED7EF-9B42-425F-ADD4-260565FF231A} = {8F1CF29E-0250-42FE-87BC-67BE9F0658BF}
		{B8F73DAD-1146-4E09-914A-035D2BA99476} = {7D0ED7EF-9B42-425F-ADD4-260565FF231A}
		{88BDA5ED-1BCA-4227-B838-681A709F4EA1} = {B8F73DAD-1146-4E09-914A-035D2BA99476}
		{EF4A40F4-0BEF-4D0A-9106-C9DDF9D8D857} = {B8F73DAD-1146-4E09-914A-035D2BA99476}
		{DDEABD7C-BFD5-49F0-94FB-D803B2F7C685} = {8F1CF29E-0250-42FE-87BC-67BE9F0658BF}
	EndGlobalSection
	GlobalSection(ExtensibilityGlobals) = postSolution
		EnterpriseLibraryConfigurationToolBinariesPathV6 = packages\EnterpriseLibrary.TransientFaultHandling.6.0.1304.0\lib\portable-net45+win+wp8;packages\EnterpriseLibrary.TransientFaultHandling.Data.6.0.1304.1\lib\NET45
	EndGlobalSection
EndGlobal
