
Microsoft Visual Studio Solution File, Format Version 12.00
# Visual Studio 2013
VisualStudioVersion = 12.0.40629.0
MinimumVisualStudioVersion = 10.0.40219.1
Project("{FAE04EC0-301F-11D3-BF4B-00C04F79EFBC}") = "Thycotic.MemoryMq", "Thycotic.MemoryMq\Thycotic.MemoryMq.csproj", "{60AF5DA6-343C-4C6F-9CD5-2B5F04D9AF92}"
EndProject
Project("{FAE04EC0-301F-11D3-BF4B-00C04F79EFBC}") = "Thycotic.MemoryMq.Tests", "Thycotic.MemoryMq.Tests\Thycotic.MemoryMq.Tests.csproj", "{1D136130-3ED7-4087-9A1D-F5F35504B518}"
EndProject
Global
	GlobalSection(SolutionConfigurationPlatforms) = preSolution
		Debug|Any CPU = Debug|Any CPU
		Release|Any CPU = Release|Any CPU
		Static Analysis|Any CPU = Static Analysis|Any CPU
	EndGlobalSection
	GlobalSection(ProjectConfigurationPlatforms) = postSolution
		{60AF5DA6-343C-4C6F-9CD5-2B5F04D9AF92}.Debug|Any CPU.ActiveCfg = Debug|Any CPU
		{60AF5DA6-343C-4C6F-9CD5-2B5F04D9AF92}.Debug|Any CPU.Build.0 = Debug|Any CPU
		{60AF5DA6-343C-4C6F-9CD5-2B5F04D9AF92}.Release|Any CPU.ActiveCfg = Release|Any CPU
		{60AF5DA6-343C-4C6F-9CD5-2B5F04D9AF92}.Release|Any CPU.Build.0 = Release|Any CPU
		{60AF5DA6-343C-4C6F-9CD5-2B5F04D9AF92}.Static Analysis|Any CPU.ActiveCfg = Static Analysis|Any CPU
		{60AF5DA6-343C-4C6F-9CD5-2B5F04D9AF92}.Static Analysis|Any CPU.Build.0 = Static Analysis|Any CPU
		{1D136130-3ED7-4087-9A1D-F5F35504B518}.Debug|Any CPU.ActiveCfg = Debug|Any CPU
		{1D136130-3ED7-4087-9A1D-F5F35504B518}.Debug|Any CPU.Build.0 = Debug|Any CPU
		{1D136130-3ED7-4087-9A1D-F5F35504B518}.Release|Any CPU.ActiveCfg = Release|Any CPU
		{1D136130-3ED7-4087-9A1D-F5F35504B518}.Release|Any CPU.Build.0 = Release|Any CPU
		{1D136130-3ED7-4087-9A1D-F5F35504B518}.Static Analysis|Any CPU.ActiveCfg = Release|Any CPU
		{1D136130-3ED7-4087-9A1D-F5F35504B518}.Static Analysis|Any CPU.Build.0 = Release|Any CPU
	EndGlobalSection
	GlobalSection(SolutionProperties) = preSolution
		HideSolutionNode = FALSE
	EndGlobalSection
	GlobalSection(ExtensibilityGlobals) = postSolution
		EnterpriseLibraryConfigurationToolBinariesPathV6 = packages\EnterpriseLibrary.TransientFaultHandling.6.0.1304.0\lib\portable-net45+win+wp8;packages\EnterpriseLibrary.TransientFaultHandling.Data.6.0.1304.1\lib\NET45
	EndGlobalSection
EndGlobal
